
Microsoft Visual Studio Solution File, Format Version 12.00
# Visual Studio Version 16
VisualStudioVersion = 16.0.29326.143
MinimumVisualStudioVersion = 10.0.40219.1
Project("{FAE04EC0-301F-11D3-BF4B-00C04F79EFBC}") = "Car_Sales_3.0", "Car_Sales_3.0\Car_Sales_3.0.csproj", "{57DC6450-B5A4-46E1-A90C-FC00770934F5}"
EndProject
Global
	GlobalSection(SolutionConfigurationPlatforms) = preSolution
		Debug|Any CPU = Debug|Any CPU
		Release|Any CPU = Release|Any CPU
	EndGlobalSection
	GlobalSection(ProjectConfigurationPlatforms) = postSolution
		{57DC6450-B5A4-46E1-A90C-FC00770934F5}.Debug|Any CPU.ActiveCfg = Debug|Any CPU
		{57DC6450-B5A4-46E1-A90C-FC00770934F5}.Debug|Any CPU.Build.0 = Debug|Any CPU
		{57DC6450-B5A4-46E1-A90C-FC00770934F5}.Release|Any CPU.ActiveCfg = Release|Any CPU
		{57DC6450-B5A4-46E1-A90C-FC00770934F5}.Release|Any CPU.Build.0 = Release|Any CPU
	EndGlobalSection
	GlobalSection(SolutionProperties) = preSolution
		HideSolutionNode = FALSE
	EndGlobalSection
	GlobalSection(ExtensibilityGlobals) = postSolution
		SolutionGuid = {271CF8D8-6757-4A54-A7B8-E16F23C431AB}
	EndGlobalSection
EndGlobal
